
Microsoft Visual Studio Solution File, Format Version 12.00
# Visual Studio Version 17
VisualStudioVersion = 17.4.33403.182
MinimumVisualStudioVersion = 10.0.40219.1
Project("{FAE04EC0-301F-11D3-BF4B-00C04F79EFBC}") = "RedeSocialEventos.API", "RedeSocialEventos_AT\RedeSocialEventos.API.csproj", "{F4EB8170-A955-4038-8178-E7598174BD5A}"
EndProject
Project("{FAE04EC0-301F-11D3-BF4B-00C04F79EFBC}") = "RedeSocialEventos.MVC", "RedeSocialEventos.MVC\RedeSocialEventos.MVC.csproj", "{DBD252CE-1C50-44AF-8725-E62BF9D596C9}"
EndProject
Project("{FAE04EC0-301F-11D3-BF4B-00C04F79EFBC}") = "RedeSocialEventos.BLL", "RedeSocialEventos.BLL\RedeSocialEventos.BLL.csproj", "{C9325FE5-0C06-4F09-A5D4-D4EE3D0152AA}"
EndProject
Project("{FAE04EC0-301F-11D3-BF4B-00C04F79EFBC}") = "RedeSocialEventos.DAL", "RedeSocialEventos.DAL\RedeSocialEventos.DAL.csproj", "{AA7B1082-653D-4EBD-A590-B10CC74EC5C2}"
EndProject
Global
	GlobalSection(SolutionConfigurationPlatforms) = preSolution
		Debug|Any CPU = Debug|Any CPU
		Release|Any CPU = Release|Any CPU
	EndGlobalSection
	GlobalSection(ProjectConfigurationPlatforms) = postSolution
		{F4EB8170-A955-4038-8178-E7598174BD5A}.Debug|Any CPU.ActiveCfg = Debug|Any CPU
		{F4EB8170-A955-4038-8178-E7598174BD5A}.Debug|Any CPU.Build.0 = Debug|Any CPU
		{F4EB8170-A955-4038-8178-E7598174BD5A}.Release|Any CPU.ActiveCfg = Release|Any CPU
		{F4EB8170-A955-4038-8178-E7598174BD5A}.Release|Any CPU.Build.0 = Release|Any CPU
		{DBD252CE-1C50-44AF-8725-E62BF9D596C9}.Debug|Any CPU.ActiveCfg = Debug|Any CPU
		{DBD252CE-1C50-44AF-8725-E62BF9D596C9}.Debug|Any CPU.Build.0 = Debug|Any CPU
		{DBD252CE-1C50-44AF-8725-E62BF9D596C9}.Release|Any CPU.ActiveCfg = Release|Any CPU
		{DBD252CE-1C50-44AF-8725-E62BF9D596C9}.Release|Any CPU.Build.0 = Release|Any CPU
		{C9325FE5-0C06-4F09-A5D4-D4EE3D0152AA}.Debug|Any CPU.ActiveCfg = Debug|Any CPU
		{C9325FE5-0C06-4F09-A5D4-D4EE3D0152AA}.Debug|Any CPU.Build.0 = Debug|Any CPU
		{C9325FE5-0C06-4F09-A5D4-D4EE3D0152AA}.Release|Any CPU.ActiveCfg = Release|Any CPU
		{C9325FE5-0C06-4F09-A5D4-D4EE3D0152AA}.Release|Any CPU.Build.0 = Release|Any CPU
		{AA7B1082-653D-4EBD-A590-B10CC74EC5C2}.Debug|Any CPU.ActiveCfg = Debug|Any CPU
		{AA7B1082-653D-4EBD-A590-B10CC74EC5C2}.Debug|Any CPU.Build.0 = Debug|Any CPU
		{AA7B1082-653D-4EBD-A590-B10CC74EC5C2}.Release|Any CPU.ActiveCfg = Release|Any CPU
		{AA7B1082-653D-4EBD-A590-B10CC74EC5C2}.Release|Any CPU.Build.0 = Release|Any CPU
	EndGlobalSection
	GlobalSection(SolutionProperties) = preSolution
		HideSolutionNode = FALSE
	EndGlobalSection
	GlobalSection(ExtensibilityGlobals) = postSolution
		SolutionGuid = {22C23C96-7AB1-4D05-9D12-9D5171F5E3D8}
	EndGlobalSection
EndGlobal
